
Microsoft Visual Studio Solution File, Format Version 12.00
# Visual Studio 2013
VisualStudioVersion = 12.0.31101.0
MinimumVisualStudioVersion = 10.0.40219.1
Project("{FAE04EC0-301F-11D3-BF4B-00C04F79EFBC}") = "PublishServer", "admin\PublishServer.csproj", "{4E5E1254-E91B-444C-874C-AAEA903B7886}"
EndProject
Project("{FAE04EC0-301F-11D3-BF4B-00C04F79EFBC}") = "_TEST_CONSOLE_TCP_CLIENT", "_TEST_CONSOLE_TCP_CLIENT\_TEST_CONSOLE_TCP_CLIENT.csproj", "{C0AB4D2E-E904-4E96-AA65-C63A2708C8CF}"
EndProject
Project("{FAE04EC0-301F-11D3-BF4B-00C04F79EFBC}") = "_TEST_CONSOLE_TCP_SERVER", "_TEST_CONSOLE_TCP_SERVER\_TEST_CONSOLE_TCP_SERVER.csproj", "{549CF825-111E-4230-8165-4D67D0104802}"
EndProject
Project("{FAE04EC0-301F-11D3-BF4B-00C04F79EFBC}") = "Universal.Net.UDPMessage", "Universal.Net.UDPMessage\Universal.Net.UDPMessage.csproj", "{3526EBA4-A535-4290-AC7E-8F6DE5BDF2FE}"
EndProject
Project("{FAE04EC0-301F-11D3-BF4B-00C04F79EFBC}") = "Universal.Net.TCPMessage", "Universal.Net.TCPMessage\Universal.Net.TCPMessage.csproj", "{8F6CA815-0397-4065-815B-556DCA8F75FF}"
EndProject
Project("{FAE04EC0-301F-11D3-BF4B-00C04F79EFBC}") = "PublishClient", "client\PublishClient.csproj", "{18352025-AA30-41E4-9722-912F9292BE10}"
EndProject
Project("{FAE04EC0-301F-11D3-BF4B-00C04F79EFBC}") = "Universal.Global", "Universal.Global\Universal.Global.csproj", "{782123CF-A317-4F80-9A54-9A9B703BF4B2}"
EndProject
Project("{FAE04EC0-301F-11D3-BF4B-00C04F79EFBC}") = "Universal.Data", "Universal.Data\Universal.Data.csproj", "{07425296-474C-4261-AFEF-5697921F796E}"
EndProject
Project("{FAE04EC0-301F-11D3-BF4B-00C04F79EFBC}") = "_TEST_EXCEL", "_TEST_EXCEL\_TEST_EXCEL.csproj", "{EE368D6D-BE80-4566-9DBE-64EA00F375C7}"
EndProject
Project("{FAE04EC0-301F-11D3-BF4B-00C04F79EFBC}") = "_TEST_LINQ_MERGE", "_TEST_LINQ_MERGE\_TEST_LINQ_MERGE.csproj", "{D49457AA-26D1-4ABE-BBE4-EE1BBA13214E}"
EndProject
Global
	GlobalSection(SolutionConfigurationPlatforms) = preSolution
		Debug|Any CPU = Debug|Any CPU
		Release|Any CPU = Release|Any CPU
	EndGlobalSection
	GlobalSection(ProjectConfigurationPlatforms) = postSolution
		{4E5E1254-E91B-444C-874C-AAEA903B7886}.Debug|Any CPU.ActiveCfg = Debug|Any CPU
		{4E5E1254-E91B-444C-874C-AAEA903B7886}.Debug|Any CPU.Build.0 = Debug|Any CPU
		{4E5E1254-E91B-444C-874C-AAEA903B7886}.Release|Any CPU.ActiveCfg = Release|Any CPU
		{4E5E1254-E91B-444C-874C-AAEA903B7886}.Release|Any CPU.Build.0 = Release|Any CPU
		{C0AB4D2E-E904-4E96-AA65-C63A2708C8CF}.Debug|Any CPU.ActiveCfg = Debug|Any CPU
		{C0AB4D2E-E904-4E96-AA65-C63A2708C8CF}.Debug|Any CPU.Build.0 = Debug|Any CPU
		{C0AB4D2E-E904-4E96-AA65-C63A2708C8CF}.Release|Any CPU.ActiveCfg = Release|Any CPU
		{C0AB4D2E-E904-4E96-AA65-C63A2708C8CF}.Release|Any CPU.Build.0 = Release|Any CPU
		{549CF825-111E-4230-8165-4D67D0104802}.Debug|Any CPU.ActiveCfg = Debug|Any CPU
		{549CF825-111E-4230-8165-4D67D0104802}.Debug|Any CPU.Build.0 = Debug|Any CPU
		{549CF825-111E-4230-8165-4D67D0104802}.Release|Any CPU.ActiveCfg = Release|Any CPU
		{549CF825-111E-4230-8165-4D67D0104802}.Release|Any CPU.Build.0 = Release|Any CPU
		{3526EBA4-A535-4290-AC7E-8F6DE5BDF2FE}.Debug|Any CPU.ActiveCfg = Release|Any CPU
		{3526EBA4-A535-4290-AC7E-8F6DE5BDF2FE}.Debug|Any CPU.Build.0 = Release|Any CPU
		{3526EBA4-A535-4290-AC7E-8F6DE5BDF2FE}.Release|Any CPU.ActiveCfg = Release|Any CPU
		{3526EBA4-A535-4290-AC7E-8F6DE5BDF2FE}.Release|Any CPU.Build.0 = Release|Any CPU
		{8F6CA815-0397-4065-815B-556DCA8F75FF}.Debug|Any CPU.ActiveCfg = Release|Any CPU
		{8F6CA815-0397-4065-815B-556DCA8F75FF}.Debug|Any CPU.Build.0 = Release|Any CPU
		{8F6CA815-0397-4065-815B-556DCA8F75FF}.Debug|Any CPU.Deploy.0 = Release|Any CPU
		{8F6CA815-0397-4065-815B-556DCA8F75FF}.Release|Any CPU.ActiveCfg = Release|Any CPU
		{8F6CA815-0397-4065-815B-556DCA8F75FF}.Release|Any CPU.Build.0 = Release|Any CPU
		{18352025-AA30-41E4-9722-912F9292BE10}.Debug|Any CPU.ActiveCfg = Debug|Any CPU
		{18352025-AA30-41E4-9722-912F9292BE10}.Debug|Any CPU.Build.0 = Debug|Any CPU
		{18352025-AA30-41E4-9722-912F9292BE10}.Release|Any CPU.ActiveCfg = Release|Any CPU
		{18352025-AA30-41E4-9722-912F9292BE10}.Release|Any CPU.Build.0 = Release|Any CPU
		{782123CF-A317-4F80-9A54-9A9B703BF4B2}.Debug|Any CPU.ActiveCfg = Release|Any CPU
		{782123CF-A317-4F80-9A54-9A9B703BF4B2}.Debug|Any CPU.Build.0 = Release|Any CPU
		{782123CF-A317-4F80-9A54-9A9B703BF4B2}.Release|Any CPU.ActiveCfg = Release|Any CPU
		{782123CF-A317-4F80-9A54-9A9B703BF4B2}.Release|Any CPU.Build.0 = Release|Any CPU
		{07425296-474C-4261-AFEF-5697921F796E}.Debug|Any CPU.ActiveCfg = Release|Any CPU
		{07425296-474C-4261-AFEF-5697921F796E}.Debug|Any CPU.Build.0 = Release|Any CPU
		{07425296-474C-4261-AFEF-5697921F796E}.Release|Any CPU.ActiveCfg = Release|Any CPU
		{07425296-474C-4261-AFEF-5697921F796E}.Release|Any CPU.Build.0 = Release|Any CPU
		{EE368D6D-BE80-4566-9DBE-64EA00F375C7}.Debug|Any CPU.ActiveCfg = Debug|Any CPU
		{EE368D6D-BE80-4566-9DBE-64EA00F375C7}.Debug|Any CPU.Build.0 = Debug|Any CPU
		{EE368D6D-BE80-4566-9DBE-64EA00F375C7}.Release|Any CPU.ActiveCfg = Release|Any CPU
		{EE368D6D-BE80-4566-9DBE-64EA00F375C7}.Release|Any CPU.Build.0 = Release|Any CPU
		{D49457AA-26D1-4ABE-BBE4-EE1BBA13214E}.Debug|Any CPU.ActiveCfg = Debug|Any CPU
		{D49457AA-26D1-4ABE-BBE4-EE1BBA13214E}.Debug|Any CPU.Build.0 = Debug|Any CPU
		{D49457AA-26D1-4ABE-BBE4-EE1BBA13214E}.Release|Any CPU.ActiveCfg = Release|Any CPU
		{D49457AA-26D1-4ABE-BBE4-EE1BBA13214E}.Release|Any CPU.Build.0 = Release|Any CPU
	EndGlobalSection
	GlobalSection(SolutionProperties) = preSolution
		HideSolutionNode = FALSE
	EndGlobalSection
EndGlobal
