
Microsoft Visual Studio Solution File, Format Version 12.00
# Visual Studio 2013
VisualStudioVersion = 12.0.31101.0
MinimumVisualStudioVersion = 10.0.40219.1
Project("{FAE04EC0-301F-11D3-BF4B-00C04F79EFBC}") = "_TEST_UDP_BROADCAST_SERVER", "_TEST_UDP_BROADCAST_SERVER\_TEST_UDP_BROADCAST_SERVER.csproj", "{EBDEC5EE-2C81-4FF0-AA4E-E59CC944AE70}"
EndProject
Project("{FAE04EC0-301F-11D3-BF4B-00C04F79EFBC}") = "admin", "admin\admin.csproj", "{4E5E1254-E91B-444C-874C-AAEA903B7886}"
EndProject
Project("{FAE04EC0-301F-11D3-BF4B-00C04F79EFBC}") = "_TEST_CONSOLE_NETWORKS_ADMIN", "_TEST_CONSOLE_NETWORKS_ADMIN\_TEST_CONSOLE_NETWORKS_ADMIN.csproj", "{D709AFAC-9FB1-4966-95EA-CA20496C7E7D}"
EndProject
Project("{FAE04EC0-301F-11D3-BF4B-00C04F79EFBC}") = "_TEST_CONSOLE_NETWORKS_CLIENT", "_TEST_CONSOLE_NETWORKS_CLIENT\_TEST_CONSOLE_NETWORKS_CLIENT.csproj", "{8612FA92-3573-476B-BC3B-DA91ECC0381B}"
EndProject
Project("{FAE04EC0-301F-11D3-BF4B-00C04F79EFBC}") = "＿TEST_CONSOLE_TCP_SERVER", "＿TEST_CONSOLE_TCP_SERVER\＿TEST_CONSOLE_TCP_SERVER.csproj", "{549CF825-111E-4230-8165-4D67D0104802}"
EndProject
Project("{FAE04EC0-301F-11D3-BF4B-00C04F79EFBC}") = "＿TEST_CONSOLE_TCP_CLIENT", "＿TEST_CONSOLE_TCP_CLIENT\＿TEST_CONSOLE_TCP_CLIENT.csproj", "{C0AB4D2E-E904-4E96-AA65-C63A2708C8CF}"
EndProject
Global
	GlobalSection(SolutionConfigurationPlatforms) = preSolution
		Debug|Any CPU = Debug|Any CPU
		Release|Any CPU = Release|Any CPU
	EndGlobalSection
	GlobalSection(ProjectConfigurationPlatforms) = postSolution
		{EBDEC5EE-2C81-4FF0-AA4E-E59CC944AE70}.Debug|Any CPU.ActiveCfg = Debug|Any CPU
		{EBDEC5EE-2C81-4FF0-AA4E-E59CC944AE70}.Debug|Any CPU.Build.0 = Debug|Any CPU
		{EBDEC5EE-2C81-4FF0-AA4E-E59CC944AE70}.Release|Any CPU.ActiveCfg = Release|Any CPU
		{EBDEC5EE-2C81-4FF0-AA4E-E59CC944AE70}.Release|Any CPU.Build.0 = Release|Any CPU
		{4E5E1254-E91B-444C-874C-AAEA903B7886}.Debug|Any CPU.ActiveCfg = Debug|Any CPU
		{4E5E1254-E91B-444C-874C-AAEA903B7886}.Debug|Any CPU.Build.0 = Debug|Any CPU
		{4E5E1254-E91B-444C-874C-AAEA903B7886}.Release|Any CPU.ActiveCfg = Release|Any CPU
		{4E5E1254-E91B-444C-874C-AAEA903B7886}.Release|Any CPU.Build.0 = Release|Any CPU
		{D709AFAC-9FB1-4966-95EA-CA20496C7E7D}.Debug|Any CPU.ActiveCfg = Release|Any CPU
		{D709AFAC-9FB1-4966-95EA-CA20496C7E7D}.Debug|Any CPU.Build.0 = Release|Any CPU
		{D709AFAC-9FB1-4966-95EA-CA20496C7E7D}.Release|Any CPU.ActiveCfg = Release|Any CPU
		{D709AFAC-9FB1-4966-95EA-CA20496C7E7D}.Release|Any CPU.Build.0 = Release|Any CPU
		{8612FA92-3573-476B-BC3B-DA91ECC0381B}.Debug|Any CPU.ActiveCfg = Release|Any CPU
		{8612FA92-3573-476B-BC3B-DA91ECC0381B}.Debug|Any CPU.Build.0 = Release|Any CPU
		{8612FA92-3573-476B-BC3B-DA91ECC0381B}.Release|Any CPU.ActiveCfg = Release|Any CPU
		{8612FA92-3573-476B-BC3B-DA91ECC0381B}.Release|Any CPU.Build.0 = Release|Any CPU
		{549CF825-111E-4230-8165-4D67D0104802}.Debug|Any CPU.ActiveCfg = Debug|Any CPU
		{549CF825-111E-4230-8165-4D67D0104802}.Debug|Any CPU.Build.0 = Debug|Any CPU
		{549CF825-111E-4230-8165-4D67D0104802}.Release|Any CPU.ActiveCfg = Release|Any CPU
		{549CF825-111E-4230-8165-4D67D0104802}.Release|Any CPU.Build.0 = Release|Any CPU
		{C0AB4D2E-E904-4E96-AA65-C63A2708C8CF}.Debug|Any CPU.ActiveCfg = Debug|Any CPU
		{C0AB4D2E-E904-4E96-AA65-C63A2708C8CF}.Debug|Any CPU.Build.0 = Debug|Any CPU
		{C0AB4D2E-E904-4E96-AA65-C63A2708C8CF}.Release|Any CPU.ActiveCfg = Release|Any CPU
		{C0AB4D2E-E904-4E96-AA65-C63A2708C8CF}.Release|Any CPU.Build.0 = Release|Any CPU
	EndGlobalSection
	GlobalSection(SolutionProperties) = preSolution
		HideSolutionNode = FALSE
	EndGlobalSection
EndGlobal
